
Microsoft Visual Studio Solution File, Format Version 12.00
Project("{FAE04EC0-301F-11D3-BF4B-00C04F79EFBC}") = "MyObjects", "MyObjects\MyObjects.csproj", "{CC6BF886-5C1B-4E90-98F7-7DBC54F61CBD}"
EndProject
Project("{FAE04EC0-301F-11D3-BF4B-00C04F79EFBC}") = "MyObjects.NHibernate", "MyObjects.NHibernate\MyObjects.NHibernate.csproj", "{C1E6D71A-CDAE-457B-9E15-3561BFF849D2}"
EndProject
Project("{FAE04EC0-301F-11D3-BF4B-00C04F79EFBC}") = "MyObjects.SourceGenerators", "MyObjects.SourceGenerators\MyObjects.SourceGenerators.csproj", "{075EF9D8-26C1-4E36-96A9-698F754EE822}"
EndProject
Project("{FAE04EC0-301F-11D3-BF4B-00C04F79EFBC}") = "MyObjects.Tests", "MyObjects.Tests\MyObjects.Tests.csproj", "{F7E11227-A445-4C6E-AA4A-57CD4E05139B}"
EndProject
Project("{FAE04EC0-301F-11D3-BF4B-00C04F79EFBC}") = "MyObjects.Testing", "MyObjects.Testing\MyObjects.Testing.csproj", "{C7153C28-3850-41C7-BE63-F04D2B98E6F1}"
EndProject
Project("{FAE04EC0-301F-11D3-BF4B-00C04F79EFBC}") = "MyObjects.Testing.NHibernate", "MyObjects.Testing.NHibernate\MyObjects.Testing.NHibernate.csproj", "{3F30F36E-BB73-4C0A-9733-543398B0E483}"
EndProject
Project("{FAE04EC0-301F-11D3-BF4B-00C04F79EFBC}") = "MyObjects.Infrastructure", "MyObjects.Infrastructure\MyObjects.Infrastructure.csproj", "{04625EC5-843C-414D-8B3D-D5FE161B6EAC}"
EndProject
Project("{FAE04EC0-301F-11D3-BF4B-00C04F79EFBC}") = "MyObjects.Demo", "Demo\MyObjects.Demo\MyObjects.Demo.csproj", "{6C311BD4-C6ED-41A1-BBF0-6A1DF45237D5}"
EndProject
Project("{2150E333-8FDC-42A3-9474-1A3956D46DE8}") = "Demo", "Demo", "{BCB9036F-B426-4EC6-BF6D-6DA1A33E6FEE}"
EndProject
Project("{FAE04EC0-301F-11D3-BF4B-00C04F79EFBC}") = "MyObjects.Demo.Tests", "Demo\MyObjects.Demo.Tests\MyObjects.Demo.Tests.csproj", "{DDD03EE0-1DB2-4185-AFF6-A1C2E1A871F0}"
EndProject
Project("{FAE04EC0-301F-11D3-BF4B-00C04F79EFBC}") = "MyObjects.Demo.Functions", "Demo\MyObjects.Demo.Functions\MyObjects.Demo.Functions.csproj", "{F86BC8B9-810C-4984-8950-C729E1363036}"
EndProject
Project("{2150E333-8FDC-42A3-9474-1A3956D46DE8}") = "NHibernate", "NHibernate", "{240E6494-A4DD-4AB5-9620-95E0F144B407}"
EndProject
Project("{FAE04EC0-301F-11D3-BF4B-00C04F79EFBC}") = "MyObjects.Functions", "MyObjects.Functions\MyObjects.Functions.csproj", "{6099E045-1E8B-4A7D-A915-6521CB9924FB}"
EndProject
Global
	GlobalSection(SolutionConfigurationPlatforms) = preSolution
		Debug|Any CPU = Debug|Any CPU
		Release|Any CPU = Release|Any CPU
	EndGlobalSection
	GlobalSection(ProjectConfigurationPlatforms) = postSolution
		{CC6BF886-5C1B-4E90-98F7-7DBC54F61CBD}.Debug|Any CPU.ActiveCfg = Debug|Any CPU
		{CC6BF886-5C1B-4E90-98F7-7DBC54F61CBD}.Debug|Any CPU.Build.0 = Debug|Any CPU
		{CC6BF886-5C1B-4E90-98F7-7DBC54F61CBD}.Release|Any CPU.ActiveCfg = Release|Any CPU
		{CC6BF886-5C1B-4E90-98F7-7DBC54F61CBD}.Release|Any CPU.Build.0 = Release|Any CPU
		{C1E6D71A-CDAE-457B-9E15-3561BFF849D2}.Debug|Any CPU.ActiveCfg = Debug|Any CPU
		{C1E6D71A-CDAE-457B-9E15-3561BFF849D2}.Debug|Any CPU.Build.0 = Debug|Any CPU
		{C1E6D71A-CDAE-457B-9E15-3561BFF849D2}.Release|Any CPU.ActiveCfg = Release|Any CPU
		{C1E6D71A-CDAE-457B-9E15-3561BFF849D2}.Release|Any CPU.Build.0 = Release|Any CPU
		{075EF9D8-26C1-4E36-96A9-698F754EE822}.Debug|Any CPU.ActiveCfg = Debug|Any CPU
		{075EF9D8-26C1-4E36-96A9-698F754EE822}.Debug|Any CPU.Build.0 = Debug|Any CPU
		{075EF9D8-26C1-4E36-96A9-698F754EE822}.Release|Any CPU.ActiveCfg = Release|Any CPU
		{075EF9D8-26C1-4E36-96A9-698F754EE822}.Release|Any CPU.Build.0 = Release|Any CPU
		{F7E11227-A445-4C6E-AA4A-57CD4E05139B}.Debug|Any CPU.ActiveCfg = Debug|Any CPU
		{F7E11227-A445-4C6E-AA4A-57CD4E05139B}.Debug|Any CPU.Build.0 = Debug|Any CPU
		{F7E11227-A445-4C6E-AA4A-57CD4E05139B}.Release|Any CPU.ActiveCfg = Release|Any CPU
		{F7E11227-A445-4C6E-AA4A-57CD4E05139B}.Release|Any CPU.Build.0 = Release|Any CPU
		{C7153C28-3850-41C7-BE63-F04D2B98E6F1}.Debug|Any CPU.ActiveCfg = Debug|Any CPU
		{C7153C28-3850-41C7-BE63-F04D2B98E6F1}.Debug|Any CPU.Build.0 = Debug|Any CPU
		{C7153C28-3850-41C7-BE63-F04D2B98E6F1}.Release|Any CPU.ActiveCfg = Release|Any CPU
		{C7153C28-3850-41C7-BE63-F04D2B98E6F1}.Release|Any CPU.Build.0 = Release|Any CPU
		{3F30F36E-BB73-4C0A-9733-543398B0E483}.Debug|Any CPU.ActiveCfg = Debug|Any CPU
		{3F30F36E-BB73-4C0A-9733-543398B0E483}.Debug|Any CPU.Build.0 = Debug|Any CPU
		{3F30F36E-BB73-4C0A-9733-543398B0E483}.Release|Any CPU.ActiveCfg = Release|Any CPU
		{3F30F36E-BB73-4C0A-9733-543398B0E483}.Release|Any CPU.Build.0 = Release|Any CPU
		{04625EC5-843C-414D-8B3D-D5FE161B6EAC}.Debug|Any CPU.ActiveCfg = Debug|Any CPU
		{04625EC5-843C-414D-8B3D-D5FE161B6EAC}.Debug|Any CPU.Build.0 = Debug|Any CPU
		{04625EC5-843C-414D-8B3D-D5FE161B6EAC}.Release|Any CPU.ActiveCfg = Release|Any CPU
		{04625EC5-843C-414D-8B3D-D5FE161B6EAC}.Release|Any CPU.Build.0 = Release|Any CPU
		{6C311BD4-C6ED-41A1-BBF0-6A1DF45237D5}.Debug|Any CPU.ActiveCfg = Debug|Any CPU
		{6C311BD4-C6ED-41A1-BBF0-6A1DF45237D5}.Debug|Any CPU.Build.0 = Debug|Any CPU
		{6C311BD4-C6ED-41A1-BBF0-6A1DF45237D5}.Release|Any CPU.ActiveCfg = Release|Any CPU
		{6C311BD4-C6ED-41A1-BBF0-6A1DF45237D5}.Release|Any CPU.Build.0 = Release|Any CPU
		{DDD03EE0-1DB2-4185-AFF6-A1C2E1A871F0}.Debug|Any CPU.ActiveCfg = Debug|Any CPU
		{DDD03EE0-1DB2-4185-AFF6-A1C2E1A871F0}.Debug|Any CPU.Build.0 = Debug|Any CPU
		{DDD03EE0-1DB2-4185-AFF6-A1C2E1A871F0}.Release|Any CPU.ActiveCfg = Release|Any CPU
		{DDD03EE0-1DB2-4185-AFF6-A1C2E1A871F0}.Release|Any CPU.Build.0 = Release|Any CPU
		{F86BC8B9-810C-4984-8950-C729E1363036}.Debug|Any CPU.ActiveCfg = Debug|Any CPU
		{F86BC8B9-810C-4984-8950-C729E1363036}.Debug|Any CPU.Build.0 = Debug|Any CPU
		{F86BC8B9-810C-4984-8950-C729E1363036}.Release|Any CPU.ActiveCfg = Release|Any CPU
		{F86BC8B9-810C-4984-8950-C729E1363036}.Release|Any CPU.Build.0 = Release|Any CPU
		{6099E045-1E8B-4A7D-A915-6521CB9924FB}.Debug|Any CPU.ActiveCfg = Debug|Any CPU
		{6099E045-1E8B-4A7D-A915-6521CB9924FB}.Debug|Any CPU.Build.0 = Debug|Any CPU
		{6099E045-1E8B-4A7D-A915-6521CB9924FB}.Release|Any CPU.ActiveCfg = Release|Any CPU
		{6099E045-1E8B-4A7D-A915-6521CB9924FB}.Release|Any CPU.Build.0 = Release|Any CPU
	EndGlobalSection
	GlobalSection(NestedProjects) = preSolution
		{6C311BD4-C6ED-41A1-BBF0-6A1DF45237D5} = {BCB9036F-B426-4EC6-BF6D-6DA1A33E6FEE}
		{DDD03EE0-1DB2-4185-AFF6-A1C2E1A871F0} = {BCB9036F-B426-4EC6-BF6D-6DA1A33E6FEE}
		{F86BC8B9-810C-4984-8950-C729E1363036} = {BCB9036F-B426-4EC6-BF6D-6DA1A33E6FEE}
		{C1E6D71A-CDAE-457B-9E15-3561BFF849D2} = {240E6494-A4DD-4AB5-9620-95E0F144B407}
		{3F30F36E-BB73-4C0A-9733-543398B0E483} = {240E6494-A4DD-4AB5-9620-95E0F144B407}
	EndGlobalSection
EndGlobal
